// !$*UTF8*$!
{
	archiveVersion = 1;
	classes = {
	};
	objectVersion = 55;
	objects = {

/* Begin PBXBuildFile section */
		FDB3C504278D4658006D73FE /* AppDelegate.swift in Sources */ = {isa = PBXBuildFile; fileRef = FDB3C503278D4658006D73FE /* AppDelegate.swift */; };
		FDB3C506278D4658006D73FE /* SceneDelegate.swift in Sources */ = {isa = PBXBuildFile; fileRef = FDB3C505278D4658006D73FE /* SceneDelegate.swift */; };
		FDB3C508278D4658006D73FE /* ViewController.swift in Sources */ = {isa = PBXBuildFile; fileRef = FDB3C507278D4658006D73FE /* ViewController.swift */; };
		FDB3C50B278D4658006D73FE /* Main.storyboard in Resources */ = {isa = PBXBuildFile; fileRef = FDB3C509278D4658006D73FE /* Main.storyboard */; };
		FDB3C50D278D4659006D73FE /* Assets.xcassets in Resources */ = {isa = PBXBuildFile; fileRef = FDB3C50C278D4659006D73FE /* Assets.xcassets */; };
		FDB3C510278D4659006D73FE /* LaunchScreen.storyboard in Resources */ = {isa = PBXBuildFile; fileRef = FDB3C50E278D4659006D73FE /* LaunchScreen.storyboard */; };
		FDB3C51B278D4659006D73FE /* PreWorkTests.swift in Sources */ = {isa = PBXBuildFile; fileRef = FDB3C51A278D4659006D73FE /* PreWorkTests.swift */; };
		FDB3C525278D4659006D73FE /* PreWorkUITests.swift in Sources */ = {isa = PBXBuildFile; fileRef = FDB3C524278D4659006D73FE /* PreWorkUITests.swift */; };
		FDB3C527278D4659006D73FE /* PreWorkUITestsLaunchTests.swift in Sources */ = {isa = PBXBuildFile; fileRef = FDB3C526278D4659006D73FE /* PreWorkUITestsLaunchTests.swift */; };
/* End PBXBuildFile section */

/* Begin PBXContainerItemProxy section */
		FDB3C517278D4659006D73FE /* PBXContainerItemProxy */ = {
			isa = PBXContainerItemProxy;
			containerPortal = FDB3C4F8278D4658006D73FE /* Project object */;
			proxyType = 1;
			remoteGlobalIDString = FDB3C4FF278D4658006D73FE;
			remoteInfo = PreWork;
		};
		FDB3C521278D4659006D73FE /* PBXContainerItemProxy */ = {
			isa = PBXContainerItemProxy;
			containerPortal = FDB3C4F8278D4658006D73FE /* Project object */;
			proxyType = 1;
			remoteGlobalIDString = FDB3C4FF278D4658006D73FE;
			remoteInfo = PreWork;
		};
/* End PBXContainerItemProxy section */

/* Begin PBXFileReference section */
		FDB3C500278D4658006D73FE /* PreWork.app */ = {isa = PBXFileReference; explicitFileType = wrapper.application; includeInIndex = 0; path = PreWork.app; sourceTree = BUILT_PRODUCTS_DIR; };
		FDB3C503278D4658006D73FE /* AppDelegate.swift */ = {isa = PBXFileReference; lastKnownFileType = sourcecode.swift; path = AppDelegate.swift; sourceTree = "<group>"; };
		FDB3C505278D4658006D73FE /* SceneDelegate.swift */ = {isa = PBXFileReference; lastKnownFileType = sourcecode.swift; path = SceneDelegate.swift; sourceTree = "<group>"; };
		FDB3C507278D4658006D73FE /* ViewController.swift */ = {isa = PBXFileReference; lastKnownFileType = sourcecode.swift; path = ViewController.swift; sourceTree = "<group>"; };
		FDB3C50A278D4658006D73FE /* Base */ = {isa = PBXFileReference; lastKnownFileType = file.storyboard; name = Base; path = Base.lproj/Main.storyboard; sourceTree = "<group>"; };
		FDB3C50C278D4659006D73FE /* Assets.xcassets */ = {isa = PBXFileReference; lastKnownFileType = folder.assetcatalog; path = Assets.xcassets; sourceTree = "<group>"; };
		FDB3C50F278D4659006D73FE /* Base */ = {isa = PBXFileReference; lastKnownFileType = file.storyboard; name = Base; path = Base.lproj/LaunchScreen.storyboard; sourceTree = "<group>"; };
		FDB3C511278D4659006D73FE /* Info.plist */ = {isa = PBXFileReference; lastKnownFileType = text.plist.xml; path = Info.plist; sourceTree = "<group>"; };
		FDB3C516278D4659006D73FE /* PreWorkTests.xctest */ = {isa = PBXFileReference; explicitFileType = wrapper.cfbundle; includeInIndex = 0; path = PreWorkTests.xctest; sourceTree = BUILT_PRODUCTS_DIR; };
		FDB3C51A278D4659006D73FE /* PreWorkTests.swift */ = {isa = PBXFileReference; lastKnownFileType = sourcecode.swift; path = PreWorkTests.swift; sourceTree = "<group>"; };
		FDB3C520278D4659006D73FE /* PreWorkUITests.xctest */ = {isa = PBXFileReference; explicitFileType = wrapper.cfbundle; includeInIndex = 0; path = PreWorkUITests.xctest; sourceTree = BUILT_PRODUCTS_DIR; };
		FDB3C524278D4659006D73FE /* PreWorkUITests.swift */ = {isa = PBXFileReference; lastKnownFileType = sourcecode.swift; path = PreWorkUITests.swift; sourceTree = "<group>"; };
		FDB3C526278D4659006D73FE /* PreWorkUITestsLaunchTests.swift */ = {isa = PBXFileReference; lastKnownFileType = sourcecode.swift; path = PreWorkUITestsLaunchTests.swift; sourceTree = "<group>"; };
/* End PBXFileReference section */

/* Begin PBXFrameworksBuildPhase section */
		FDB3C4FD278D4658006D73FE /* Frameworks */ = {
			isa = PBXFrameworksBuildPhase;
			buildActionMask = 2147483647;
			files = (
			);
			runOnlyForDeploymentPostprocessing = 0;
		};
		FDB3C513278D4659006D73FE /* Frameworks */ = {
			isa = PBXFrameworksBuildPhase;
			buildActionMask = 2147483647;
			files = (
			);
			runOnlyForDeploymentPostprocessing = 0;
		};
		FDB3C51D278D4659006D73FE /* Frameworks */ = {
			isa = PBXFrameworksBuildPhase;
			buildActionMask = 2147483647;
			files = (
			);
			runOnlyForDeploymentPostprocessing = 0;
		};
/* End PBXFrameworksBuildPhase section */

/* Begin PBXGroup section */
		FDB3C4F7278D4658006D73FE = {
			isa = PBXGroup;
			children = (
				FDB3C502278D4658006D73FE /* PreWork */,
				FDB3C519278D4659006D73FE /* PreWorkTests */,
				FDB3C523278D4659006D73FE /* PreWorkUITests */,
				FDB3C501278D4658006D73FE /* Products */,
			);
			sourceTree = "<group>";
		};
		FDB3C501278D4658006D73FE /* Products */ = {
			isa = PBXGroup;
			children = (
				FDB3C500278D4658006D73FE /* PreWork.app */,
				FDB3C516278D4659006D73FE /* PreWorkTests.xctest */,
				FDB3C520278D4659006D73FE /* PreWorkUITests.xctest */,
			);
			name = Products;
			sourceTree = "<group>";
		};
		FDB3C502278D4658006D73FE /* PreWork */ = {
			isa = PBXGroup;
			children = (
				FDB3C503278D4658006D73FE /* AppDelegate.swift */,
				FDB3C505278D4658006D73FE /* SceneDelegate.swift */,
				FDB3C507278D4658006D73FE /* ViewController.swift */,
				FDB3C509278D4658006D73FE /* Main.storyboard */,
				FDB3C50C278D4659006D73FE /* Assets.xcassets */,
				FDB3C50E278D4659006D73FE /* LaunchScreen.storyboard */,
				FDB3C511278D4659006D73FE /* Info.plist */,
			);
			path = PreWork;
			sourceTree = "<group>";
		};
		FDB3C519278D4659006D73FE /* PreWorkTests */ = {
			isa = PBXGroup;
			children = (
				FDB3C51A278D4659006D73FE /* PreWorkTests.swift */,
			);
			path = PreWorkTests;
			sourceTree = "<group>";
		};
		FDB3C523278D4659006D73FE /* PreWorkUITests */ = {
			isa = PBXGroup;
			children = (
				FDB3C524278D4659006D73FE /* PreWorkUITests.swift */,
				FDB3C526278D4659006D73FE /* PreWorkUITestsLaunchTests.swift */,
			);
			path = PreWorkUITests;
			sourceTree = "<group>";
		};
/* End PBXGroup section */

/* Begin PBXNativeTarget section */
		FDB3C4FF278D4658006D73FE /* PreWork */ = {
			isa = PBXNativeTarget;
			buildConfigurationList = FDB3C52A278D4659006D73FE /* Build configuration list for PBXNativeTarget "PreWork" */;
			buildPhases = (
				FDB3C4FC278D4658006D73FE /* Sources */,
				FDB3C4FD278D4658006D73FE /* Frameworks */,
				FDB3C4FE278D4658006D73FE /* Resources */,
			);
			buildRules = (
			);
			dependencies = (
			);
			name = PreWork;
			productName = PreWork;
			productReference = FDB3C500278D4658006D73FE /* PreWork.app */;
			productType = "com.apple.product-type.application";
		};
		FDB3C515278D4659006D73FE /* PreWorkTests */ = {
			isa = PBXNativeTarget;
			buildConfigurationList = FDB3C52D278D4659006D73FE /* Build configuration list for PBXNativeTarget "PreWorkTests" */;
			buildPhases = (
				FDB3C512278D4659006D73FE /* Sources */,
				FDB3C513278D4659006D73FE /* Frameworks */,
				FDB3C514278D4659006D73FE /* Resources */,
			);
			buildRules = (
			);
			dependencies = (
				FDB3C518278D4659006D73FE /* PBXTargetDependency */,
			);
			name = PreWorkTests;
			productName = PreWorkTests;
			productReference = FDB3C516278D4659006D73FE /* PreWorkTests.xctest */;
			productType = "com.apple.product-type.bundle.unit-test";
		};
		FDB3C51F278D4659006D73FE /* PreWorkUITests */ = {
			isa = PBXNativeTarget;
			buildConfigurationList = FDB3C530278D4659006D73FE /* Build configuration list for PBXNativeTarget "PreWorkUITests" */;
			buildPhases = (
				FDB3C51C278D4659006D73FE /* Sources */,
				FDB3C51D278D4659006D73FE /* Frameworks */,
				FDB3C51E278D4659006D73FE /* Resources */,
			);
			buildRules = (
			);
			dependencies = (
				FDB3C522278D4659006D73FE /* PBXTargetDependency */,
			);
			name = PreWorkUITests;
			productName = PreWorkUITests;
			productReference = FDB3C520278D4659006D73FE /* PreWorkUITests.xctest */;
			productType = "com.apple.product-type.bundle.ui-testing";
		};
/* End PBXNativeTarget section */

/* Begin PBXProject section */
		FDB3C4F8278D4658006D73FE /* Project object */ = {
			isa = PBXProject;
			attributes = {
				BuildIndependentTargetsInParallel = 1;
				LastSwiftUpdateCheck = 1320;
				LastUpgradeCheck = 1320;
				TargetAttributes = {
					FDB3C4FF278D4658006D73FE = {
						CreatedOnToolsVersion = 13.2.1;
					};
					FDB3C515278D4659006D73FE = {
						CreatedOnToolsVersion = 13.2.1;
						TestTargetID = FDB3C4FF278D4658006D73FE;
					};
					FDB3C51F278D4659006D73FE = {
						CreatedOnToolsVersion = 13.2.1;
						TestTargetID = FDB3C4FF278D4658006D73FE;
					};
				};
			};
			buildConfigurationList = FDB3C4FB278D4658006D73FE /* Build configuration list for PBXProject "PreWork" */;
			compatibilityVersion = "Xcode 13.0";
			developmentRegion = en;
			hasScannedForEncodings = 0;
			knownRegions = (
				en,
				Base,
			);
			mainGroup = FDB3C4F7278D4658006D73FE;
			productRefGroup = FDB3C501278D4658006D73FE /* Products */;
			projectDirPath = "";
			projectRoot = "";
			targets = (
				FDB3C4FF278D4658006D73FE /* PreWork */,
				FDB3C515278D4659006D73FE /* PreWorkTests */,
				FDB3C51F278D4659006D73FE /* PreWorkUITests */,
			);
		};
/* End PBXProject section */

/* Begin PBXResourcesBuildPhase section */
		FDB3C4FE278D4658006D73FE /* Resources */ = {
			isa = PBXResourcesBuildPhase;
			buildActionMask = 2147483647;
			files = (
				FDB3C510278D4659006D73FE /* LaunchScreen.storyboard in Resources */,
				FDB3C50D278D4659006D73FE /* Assets.xcassets in Resources */,
				FDB3C50B278D4658006D73FE /* Main.storyboard in Resources */,
			);
			runOnlyForDeploymentPostprocessing = 0;
		};
		FDB3C514278D4659006D73FE /* Resources */ = {
			isa = PBXResourcesBuildPhase;
			buildActionMask = 2147483647;
			files = (
			);
			runOnlyForDeploymentPostprocessing = 0;
		};
		FDB3C51E278D4659006D73FE /* Resources */ = {
			isa = PBXResourcesBuildPhase;
			buildActionMask = 2147483647;
			files = (
			);
			runOnlyForDeploymentPostprocessing = 0;
		};
/* End PBXResourcesBuildPhase section */

/* Begin PBXSourcesBuildPhase section */
		FDB3C4FC278D4658006D73FE /* Sources */ = {
			isa = PBXSourcesBuildPhase;
			buildActionMask = 2147483647;
			files = (
				FDB3C508278D4658006D73FE /* ViewController.swift in Sources */,
				FDB3C504278D4658006D73FE /* AppDelegate.swift in Sources */,
				FDB3C506278D4658006D73FE /* SceneDelegate.swift in Sources */,
			);
			runOnlyForDeploymentPostprocessing = 0;
		};
		FDB3C512278D4659006D73FE /* Sources */ = {
			isa = PBXSourcesBuildPhase;
			buildActionMask = 2147483647;
			files = (
				FDB3C51B278D4659006D73FE /* PreWorkTests.swift in Sources */,
			);
			runOnlyForDeploymentPostprocessing = 0;
		};
		FDB3C51C278D4659006D73FE /* Sources */ = {
			isa = PBXSourcesBuildPhase;
			buildActionMask = 2147483647;
			files = (
				FDB3C525278D4659006D73FE /* PreWorkUITests.swift in Sources */,
				FDB3C527278D4659006D73FE /* PreWorkUITestsLaunchTests.swift in Sources */,
			);
			runOnlyForDeploymentPostprocessing = 0;
		};
/* End PBXSourcesBuildPhase section */

/* Begin PBXTargetDependency section */
		FDB3C518278D4659006D73FE /* PBXTargetDependency */ = {
			isa = PBXTargetDependency;
			target = FDB3C4FF278D4658006D73FE /* PreWork */;
			targetProxy = FDB3C517278D4659006D73FE /* PBXContainerItemProxy */;
		};
		FDB3C522278D4659006D73FE /* PBXTargetDependency */ = {
			isa = PBXTargetDependency;
			target = FDB3C4FF278D4658006D73FE /* PreWork */;
			targetProxy = FDB3C521278D4659006D73FE /* PBXContainerItemProxy */;
		};
/* End PBXTargetDependency section */

/* Begin PBXVariantGroup section */
		FDB3C509278D4658006D73FE /* Main.storyboard */ = {
			isa = PBXVariantGroup;
			children = (
				FDB3C50A278D4658006D73FE /* Base */,
			);
			name = Main.storyboard;
			sourceTree = "<group>";
		};
		FDB3C50E278D4659006D73FE /* LaunchScreen.storyboard */ = {
			isa = PBXVariantGroup;
			children = (
				FDB3C50F278D4659006D73FE /* Base */,
			);
			name = LaunchScreen.storyboard;
			sourceTree = "<group>";
		};
/* End PBXVariantGroup section */

/* Begin XCBuildConfiguration section */
		FDB3C528278D4659006D73FE /* Debug */ = {
			isa = XCBuildConfiguration;
			buildSettings = {
				ALWAYS_SEARCH_USER_PATHS = NO;
				CLANG_ANALYZER_NONNULL = YES;
				CLANG_ANALYZER_NUMBER_OBJECT_CONVERSION = YES_AGGRESSIVE;
				CLANG_CXX_LANGUAGE_STANDARD = "gnu++17";
				CLANG_CXX_LIBRARY = "libc++";
				CLANG_ENABLE_MODULES = YES;
				CLANG_ENABLE_OBJC_ARC = YES;
				CLANG_ENABLE_OBJC_WEAK = YES;
				CLANG_WARN_BLOCK_CAPTURE_AUTORELEASING = YES;
				CLANG_WARN_BOOL_CONVERSION = YES;
				CLANG_WARN_COMMA = YES;
				CLANG_WARN_CONSTANT_CONVERSION = YES;
				CLANG_WARN_DEPRECATED_OBJC_IMPLEMENTATIONS = YES;
				CLANG_WARN_DIRECT_OBJC_ISA_USAGE = YES_ERROR;
				CLANG_WARN_DOCUMENTATION_COMMENTS = YES;
				CLANG_WARN_EMPTY_BODY = YES;
				CLANG_WARN_ENUM_CONVERSION = YES;
				CLANG_WARN_INFINITE_RECURSION = YES;
				CLANG_WARN_INT_CONVERSION = YES;
				CLANG_WARN_NON_LITERAL_NULL_CONVERSION = YES;
				CLANG_WARN_OBJC_IMPLICIT_RETAIN_SELF = YES;
				CLANG_WARN_OBJC_LITERAL_CONVERSION = YES;
				CLANG_WARN_OBJC_ROOT_CLASS = YES_ERROR;
				CLANG_WARN_QUOTED_INCLUDE_IN_FRAMEWORK_HEADER = YES;
				CLANG_WARN_RANGE_LOOP_ANALYSIS = YES;
				CLANG_WARN_STRICT_PROTOTYPES = YES;
				CLANG_WARN_SUSPICIOUS_MOVE = YES;
				CLANG_WARN_UNGUARDED_AVAILABILITY = YES_AGGRESSIVE;
				CLANG_WARN_UNREACHABLE_CODE = YES;
				CLANG_WARN__DUPLICATE_METHOD_MATCH = YES;
				COPY_PHASE_STRIP = NO;
				DEBUG_INFORMATION_FORMAT = dwarf;
				ENABLE_STRICT_OBJC_MSGSEND = YES;
				ENABLE_TESTABILITY = YES;
				GCC_C_LANGUAGE_STANDARD = gnu11;
				GCC_DYNAMIC_NO_PIC = NO;
				GCC_NO_COMMON_BLOCKS = YES;
				GCC_OPTIMIZATION_LEVEL = 0;
				GCC_PREPROCESSOR_DEFINITIONS = (
					"DEBUG=1",
					"$(inherited)",
				);
				GCC_WARN_64_TO_32_BIT_CONVERSION = YES;
				GCC_WARN_ABOUT_RETURN_TYPE = YES_ERROR;
				GCC_WARN_UNDECLARED_SELECTOR = YES;
				GCC_WARN_UNINITIALIZED_AUTOS = YES_AGGRESSIVE;
				GCC_WARN_UNUSED_FUNCTION = YES;
				GCC_WARN_UNUSED_VARIABLE = YES;
				IPHONEOS_DEPLOYMENT_TARGET = 15.2;
				MTL_ENABLE_DEBUG_INFO = INCLUDE_SOURCE;
				MTL_FAST_MATH = YES;
				ONLY_ACTIVE_ARCH = YES;
				SDKROOT = iphoneos;
				SWIFT_ACTIVE_COMPILATION_CONDITIONS = DEBUG;
				SWIFT_OPTIMIZATION_LEVEL = "-Onone";
			};
			name = Debug;
		};
		FDB3C529278D4659006D73FE /* Release */ = {
			isa = XCBuildConfiguration;
			buildSettings = {
				ALWAYS_SEARCH_USER_PATHS = NO;
				CLANG_ANALYZER_NONNULL = YES;
				CLANG_ANALYZER_NUMBER_OBJECT_CONVERSION = YES_AGGRESSIVE;
				CLANG_CXX_LANGUAGE_STANDARD = "gnu++17";
				CLANG_CXX_LIBRARY = "libc++";
				CLANG_ENABLE_MODULES = YES;
				CLANG_ENABLE_OBJC_ARC = YES;
				CLANG_ENABLE_OBJC_WEAK = YES;
				CLANG_WARN_BLOCK_CAPTURE_AUTORELEASING = YES;
				CLANG_WARN_BOOL_CONVERSION = YES;
				CLANG_WARN_COMMA = YES;
				CLANG_WARN_CONSTANT_CONVERSION = YES;
				CLANG_WARN_DEPRECATED_OBJC_IMPLEMENTATIONS = YES;
				CLANG_WARN_DIRECT_OBJC_ISA_USAGE = YES_ERROR;
				CLANG_WARN_DOCUMENTATION_COMMENTS = YES;
				CLANG_WARN_EMPTY_BODY = YES;
				CLANG_WARN_ENUM_CONVERSION = YES;
				CLANG_WARN_INFINITE_RECURSION = YES;
				CLANG_WARN_INT_CONVERSION = YES;
				CLANG_WARN_NON_LITERAL_NULL_CONVERSION = YES;
				CLANG_WARN_OBJC_IMPLICIT_RETAIN_SELF = YES;
				CLANG_WARN_OBJC_LITERAL_CONVERSION = YES;
				CLANG_WARN_OBJC_ROOT_CLASS = YES_ERROR;
				CLANG_WARN_QUOTED_INCLUDE_IN_FRAMEWORK_HEADER = YES;
				CLANG_WARN_RANGE_LOOP_ANALYSIS = YES;
				CLANG_WARN_STRICT_PROTOTYPES = YES;
				CLANG_WARN_SUSPICIOUS_MOVE = YES;
				CLANG_WARN_UNGUARDED_AVAILABILITY = YES_AGGRESSIVE;
				CLANG_WARN_UNREACHABLE_CODE = YES;
				CLANG_WARN__DUPLICATE_METHOD_MATCH = YES;
				COPY_PHASE_STRIP = NO;
				DEBUG_INFORMATION_FORMAT = "dwarf-with-dsym";
				ENABLE_NS_ASSERTIONS = NO;
				ENABLE_STRICT_OBJC_MSGSEND = YES;
				GCC_C_LANGUAGE_STANDARD = gnu11;
				GCC_NO_COMMON_BLOCKS = YES;
				GCC_WARN_64_TO_32_BIT_CONVERSION = YES;
				GCC_WARN_ABOUT_RETURN_TYPE = YES_ERROR;
				GCC_WARN_UNDECLARED_SELECTOR = YES;
				GCC_WARN_UNINITIALIZED_AUTOS = YES_AGGRESSIVE;
				GCC_WARN_UNUSED_FUNCTION = YES;
				GCC_WARN_UNUSED_VARIABLE = YES;
				IPHONEOS_DEPLOYMENT_TARGET = 15.2;
				MTL_ENABLE_DEBUG_INFO = NO;
				MTL_FAST_MATH = YES;
				SDKROOT = iphoneos;
				SWIFT_COMPILATION_MODE = wholemodule;
				SWIFT_OPTIMIZATION_LEVEL = "-O";
				VALIDATE_PRODUCT = YES;
			};
			name = Release;
		};
		FDB3C52B278D4659006D73FE /* Debug */ = {
			isa = XCBuildConfiguration;
			buildSettings = {
				ASSETCATALOG_COMPILER_APPICON_NAME = AppIcon;
				ASSETCATALOG_COMPILER_GLOBAL_ACCENT_COLOR_NAME = AccentColor;
				CODE_SIGN_STYLE = Automatic;
				CURRENT_PROJECT_VERSION = 1;
				GENERATE_INFOPLIST_FILE = YES;
				INFOPLIST_FILE = PreWork/Info.plist;
				INFOPLIST_KEY_UIApplicationSupportsIndirectInputEvents = YES;
				INFOPLIST_KEY_UILaunchStoryboardName = LaunchScreen;
				INFOPLIST_KEY_UIMainStoryboardFile = Main;
				INFOPLIST_KEY_UISupportedInterfaceOrientations_iPad = "UIInterfaceOrientationPortrait UIInterfaceOrientationPortraitUpsideDown UIInterfaceOrientationLandscapeLeft UIInterfaceOrientationLandscapeRight";
				INFOPLIST_KEY_UISupportedInterfaceOrientations_iPhone = "UIInterfaceOrientationPortrait UIInterfaceOrientationLandscapeLeft UIInterfaceOrientationLandscapeRight";
				LD_RUNPATH_SEARCH_PATHS = (
					"$(inherited)",
					"@executable_path/Frameworks",
				);
				MARKETING_VERSION = 1.0;
				PRODUCT_BUNDLE_IDENTIFIER = code.PreWork;
				PRODUCT_NAME = "$(TARGET_NAME)";
				SWIFT_EMIT_LOC_STRINGS = YES;
				SWIFT_VERSION = 5.0;
				TARGETED_DEVICE_FAMILY = "1,2";
			};
			name = Debug;
		};
		FDB3C52C278D4659006D73FE /* Release */ = {
			isa = XCBuildConfiguration;
			buildSettings = {
				ASSETCATALOG_COMPILER_APPICON_NAME = AppIcon;
				ASSETCATALOG_COMPILER_GLOBAL_ACCENT_COLOR_NAME = AccentColor;
				CODE_SIGN_STYLE = Automatic;
				CURRENT_PROJECT_VERSION = 1;
				GENERATE_INFOPLIST_FILE = YES;
				INFOPLIST_FILE = PreWork/Info.plist;
				INFOPLIST_KEY_UIApplicationSupportsIndirectInputEvents = YES;
				INFOPLIST_KEY_UILaunchStoryboardName = LaunchScreen;
				INFOPLIST_KEY_UIMainStoryboardFile = Main;
				INFOPLIST_KEY_UISupportedInterfaceOrientations_iPad = "UIInterfaceOrientationPortrait UIInterfaceOrientationPortraitUpsideDown UIInterfaceOrientationLandscapeLeft UIInterfaceOrientationLandscapeRight";
				INFOPLIST_KEY_UISupportedInterfaceOrientations_iPhone = "UIInterfaceOrientationPortrait UIInterfaceOrientationLandscapeLeft UIInterfaceOrientationLandscapeRight";
				LD_RUNPATH_SEARCH_PATHS = (
					"$(inherited)",
					"@executable_path/Frameworks",
				);
				MARKETING_VERSION = 1.0;
				PRODUCT_BUNDLE_IDENTIFIER = code.PreWork;
				PRODUCT_NAME = "$(TARGET_NAME)";
				SWIFT_EMIT_LOC_STRINGS = YES;
				SWIFT_VERSION = 5.0;
				TARGETED_DEVICE_FAMILY = "1,2";
			};
			name = Release;
		};
		FDB3C52E278D4659006D73FE /* Debug */ = {
			isa = XCBuildConfiguration;
			buildSettings = {
				ALWAYS_EMBED_SWIFT_STANDARD_LIBRARIES = YES;
				BUNDLE_LOADER = "$(TEST_HOST)";
				CODE_SIGN_STYLE = Automatic;
				CURRENT_PROJECT_VERSION = 1;
				GENERATE_INFOPLIST_FILE = YES;
				IPHONEOS_DEPLOYMENT_TARGET = 15.2;
				MARKETING_VERSION = 1.0;
				PRODUCT_BUNDLE_IDENTIFIER = code.PreWorkTests;
				PRODUCT_NAME = "$(TARGET_NAME)";
				SWIFT_EMIT_LOC_STRINGS = NO;
				SWIFT_VERSION = 5.0;
				TARGETED_DEVICE_FAMILY = "1,2";
				TEST_HOST = "$(BUILT_PRODUCTS_DIR)/PreWork.app/PreWork";
			};
			name = Debug;
		};
		FDB3C52F278D4659006D73FE /* Release */ = {
			isa = XCBuildConfiguration;
			buildSettings = {
				ALWAYS_EMBED_SWIFT_STANDARD_LIBRARIES = YES;
				BUNDLE_LOADER = "$(TEST_HOST)";
				CODE_SIGN_STYLE = Automatic;
				CURRENT_PROJECT_VERSION = 1;
				GENERATE_INFOPLIST_FILE = YES;
				IPHONEOS_DEPLOYMENT_TARGET = 15.2;
				MARKETING_VERSION = 1.0;
				PRODUCT_BUNDLE_IDENTIFIER = code.PreWorkTests;
				PRODUCT_NAME = "$(TARGET_NAME)";
				SWIFT_EMIT_LOC_STRINGS = NO;
				SWIFT_VERSION = 5.0;
				TARGETED_DEVICE_FAMILY = "1,2";
				TEST_HOST = "$(BUILT_PRODUCTS_DIR)/PreWork.app/PreWork";
			};
			name = Release;
		};
		FDB3C531278D4659006D73FE /* Debug */ = {
			isa = XCBuildConfiguration;
			buildSettings = {
				ALWAYS_EMBED_SWIFT_STANDARD_LIBRARIES = YES;
				CODE_SIGN_STYLE = Automatic;
				CURRENT_PROJECT_VERSION = 1;
				GENERATE_INFOPLIST_FILE = YES;
				MARKETING_VERSION = 1.0;
				PRODUCT_BUNDLE_IDENTIFIER = code.PreWorkUITests;
				PRODUCT_NAME = "$(TARGET_NAME)";
				SWIFT_EMIT_LOC_STRINGS = NO;
				SWIFT_VERSION = 5.0;
				TARGETED_DEVICE_FAMILY = "1,2";
				TEST_TARGET_NAME = PreWork;
			};
			name = Debug;
		};
		FDB3C532278D4659006D73FE /* Release */ = {
			isa = XCBuildConfiguration;
			buildSettings = {
				ALWAYS_EMBED_SWIFT_STANDARD_LIBRARIES = YES;
				CODE_SIGN_STYLE = Automatic;
				CURRENT_PROJECT_VERSION = 1;
				GENERATE_INFOPLIST_FILE = YES;
				MARKETING_VERSION = 1.0;
				PRODUCT_BUNDLE_IDENTIFIER = code.PreWorkUITests;
				PRODUCT_NAME = "$(TARGET_NAME)";
				SWIFT_EMIT_LOC_STRINGS = NO;
				SWIFT_VERSION = 5.0;
				TARGETED_DEVICE_FAMILY = "1,2";
				TEST_TARGET_NAME = PreWork;
			};
			name = Release;
		};
/* End XCBuildConfiguration section */

/* Begin XCConfigurationList section */
		FDB3C4FB278D4658006D73FE /* Build configuration list for PBXProject "PreWork" */ = {
			isa = XCConfigurationList;
			buildConfigurations = (
				FDB3C528278D4659006D73FE /* Debug */,
				FDB3C529278D4659006D73FE /* Release */,
			);
			defaultConfigurationIsVisible = 0;
			defaultConfigurationName = Release;
		};
		FDB3C52A278D4659006D73FE /* Build configuration list for PBXNativeTarget "PreWork" */ = {
			isa = XCConfigurationList;
			buildConfigurations = (
				FDB3C52B278D4659006D73FE /* Debug */,
				FDB3C52C278D4659006D73FE /* Release */,
			);
			defaultConfigurationIsVisible = 0;
			defaultConfigurationName = Release;
		};
		FDB3C52D278D4659006D73FE /* Build configuration list for PBXNativeTarget "PreWorkTests" */ = {
			isa = XCConfigurationList;
			buildConfigurations = (
				FDB3C52E278D4659006D73FE /* Debug */,
				FDB3C52F278D4659006D73FE /* Release */,
			);
			defaultConfigurationIsVisible = 0;
			defaultConfigurationName = Release;
		};
		FDB3C530278D4659006D73FE /* Build configuration list for PBXNativeTarget "PreWorkUITests" */ = {
			isa = XCConfigurationList;
			buildConfigurations = (
				FDB3C531278D4659006D73FE /* Debug */,
				FDB3C532278D4659006D73FE /* Release */,
			);
			defaultConfigurationIsVisible = 0;
			defaultConfigurationName = Release;
		};
/* End XCConfigurationList section */
	};
	rootObject = FDB3C4F8278D4658006D73FE /* Project object */;
}
